{
  "name": "ec-gallery-widgets",
  "version": "1.0.5",
  "lockfileVersion": 1,
  "requires": true,
  "dependencies": {
    "ec-360-widgets": {
      "version": "1.0.0",
      "resolved": "https://registry.npmjs.org/ec-360-widgets/-/ec-360-widgets-1.0.0.tgz",
      "integrity": "sha512-3apyFQ8Emj08QXIQtPTBjwBTr6INDOy5m61usgJN5Y/pcEcyB02nvRbwOkHKXN8/0f/iNvSaZjIT5t23wuIKYw=="
    },
    "slick-carousel": {
      "version": "1.8.1",
      "resolved": "https://registry.npmjs.org/slick-carousel/-/slick-carousel-1.8.1.tgz",
      "integrity": "sha512-XB9Ftrf2EEKfzoQXt3Nitrt/IPbT+f1fgqBdoxO3W/+JYvtEOW6EgxnWfr9GH6nmULv7Y2tPmEX3koxThVmebA=="
    }
  }
}
